
Microsoft Visual Studio Solution File, Format Version 12.00
# Visual Studio Version 17
VisualStudioVersion = 17.0.31903.59
MinimumVisualStudioVersion = 10.0.40219.1
Project("{FAE04EC0-301F-11D3-BF4B-00C04F79EFBC}") = "SahoBackend", "SahoBackend\SahoBackend.csproj", "{E1317AA0-06F9-44B8-96E1-AF2C962A42AD}"
EndProject
Project("{FAE04EC0-301F-11D3-BF4B-00C04F79EFBC}") = "Domain", "Domain\Domain.csproj", "{F0ABD60E-A697-4C61-85C2-29A50BDF2DD3}"
EndProject
Project("{FAE04EC0-301F-11D3-BF4B-00C04F79EFBC}") = "Infrastructure.SQL", "Infrastructure.SQL\Infrastructure.SQL.csproj", "{DD0DF79C-3CB7-4E6B-9431-D75522E8B70A}"
EndProject
Project("{FAE04EC0-301F-11D3-BF4B-00C04F79EFBC}") = "Configuration", "Configuration\Configuration.csproj", "{CCCE6581-58BF-47DF-A342-986DFF82A927}"
EndProject
Project("{FAE04EC0-301F-11D3-BF4B-00C04F79EFBC}") = "Utils", "Utils\Utils.csproj", "{8685C477-0706-4ACE-88AA-7351C526EEF7}"
EndProject
Global
	GlobalSection(SolutionConfigurationPlatforms) = preSolution
		Debug|Any CPU = Debug|Any CPU
		Release|Any CPU = Release|Any CPU
	EndGlobalSection
	GlobalSection(ProjectConfigurationPlatforms) = postSolution
		{E1317AA0-06F9-44B8-96E1-AF2C962A42AD}.Debug|Any CPU.ActiveCfg = Debug|Any CPU
		{E1317AA0-06F9-44B8-96E1-AF2C962A42AD}.Debug|Any CPU.Build.0 = Debug|Any CPU
		{E1317AA0-06F9-44B8-96E1-AF2C962A42AD}.Release|Any CPU.ActiveCfg = Release|Any CPU
		{E1317AA0-06F9-44B8-96E1-AF2C962A42AD}.Release|Any CPU.Build.0 = Release|Any CPU
		{F0ABD60E-A697-4C61-85C2-29A50BDF2DD3}.Debug|Any CPU.ActiveCfg = Debug|Any CPU
		{F0ABD60E-A697-4C61-85C2-29A50BDF2DD3}.Debug|Any CPU.Build.0 = Debug|Any CPU
		{F0ABD60E-A697-4C61-85C2-29A50BDF2DD3}.Release|Any CPU.ActiveCfg = Release|Any CPU
		{F0ABD60E-A697-4C61-85C2-29A50BDF2DD3}.Release|Any CPU.Build.0 = Release|Any CPU
		{DD0DF79C-3CB7-4E6B-9431-D75522E8B70A}.Debug|Any CPU.ActiveCfg = Debug|Any CPU
		{DD0DF79C-3CB7-4E6B-9431-D75522E8B70A}.Debug|Any CPU.Build.0 = Debug|Any CPU
		{DD0DF79C-3CB7-4E6B-9431-D75522E8B70A}.Release|Any CPU.ActiveCfg = Release|Any CPU
		{DD0DF79C-3CB7-4E6B-9431-D75522E8B70A}.Release|Any CPU.Build.0 = Release|Any CPU
		{CCCE6581-58BF-47DF-A342-986DFF82A927}.Debug|Any CPU.ActiveCfg = Debug|Any CPU
		{CCCE6581-58BF-47DF-A342-986DFF82A927}.Debug|Any CPU.Build.0 = Debug|Any CPU
		{CCCE6581-58BF-47DF-A342-986DFF82A927}.Release|Any CPU.ActiveCfg = Release|Any CPU
		{CCCE6581-58BF-47DF-A342-986DFF82A927}.Release|Any CPU.Build.0 = Release|Any CPU
		{8685C477-0706-4ACE-88AA-7351C526EEF7}.Debug|Any CPU.ActiveCfg = Debug|Any CPU
		{8685C477-0706-4ACE-88AA-7351C526EEF7}.Debug|Any CPU.Build.0 = Debug|Any CPU
		{8685C477-0706-4ACE-88AA-7351C526EEF7}.Release|Any CPU.ActiveCfg = Release|Any CPU
		{8685C477-0706-4ACE-88AA-7351C526EEF7}.Release|Any CPU.Build.0 = Release|Any CPU
	EndGlobalSection
	GlobalSection(SolutionProperties) = preSolution
		HideSolutionNode = FALSE
	EndGlobalSection
EndGlobal
